
Microsoft Visual Studio Solution File, Format Version 12.00
Project("{FAE04EC0-301F-11D3-BF4B-00C04F79EFBC}") = "TasteRecipe", "TasteRecipe\TasteRecipe.csproj", "{931AE01B-8759-40F3-B3E2-349769CDAC37}"
EndProject
Global
	GlobalSection(SolutionConfigurationPlatforms) = preSolution
		Debug|Any CPU = Debug|Any CPU
		Release|Any CPU = Release|Any CPU
	EndGlobalSection
	GlobalSection(ProjectConfigurationPlatforms) = postSolution
		{931AE01B-8759-40F3-B3E2-349769CDAC37}.Debug|Any CPU.ActiveCfg = Debug|Any CPU
		{931AE01B-8759-40F3-B3E2-349769CDAC37}.Debug|Any CPU.Build.0 = Debug|Any CPU
		{931AE01B-8759-40F3-B3E2-349769CDAC37}.Release|Any CPU.ActiveCfg = Release|Any CPU
		{931AE01B-8759-40F3-B3E2-349769CDAC37}.Release|Any CPU.Build.0 = Release|Any CPU
	EndGlobalSection
EndGlobal
